
Microsoft Visual Studio Solution File, Format Version 12.00
# Visual Studio Version 17
VisualStudioVersion = 17.3.32811.315
MinimumVisualStudioVersion = 10.0.40219.1
Project("{2150E333-8FDC-42A3-9474-1A3956D46DE8}") = "Solution Items", "Solution Items", "{3DA99C4E-89E3-4049-9C22-0A7EC60D83D8}"
	ProjectSection(SolutionItems) = preProject
		Directory.Build.props = Directory.Build.props
		global.json = global.json
		README.md = README.md
	EndProjectSection
EndProject
Project("{2150E333-8FDC-42A3-9474-1A3956D46DE8}") = "src", "src", "{8C881EA9-716A-463C-A37B-4838C0D28418}"
EndProject
Project("{FAE04EC0-301F-11D3-BF4B-00C04F79EFBC}") = "NoteSHR", "src\NoteSHR\NoteSHR.csproj", "{9572C364-649F-4117-9B18-5D29AA64E7E9}"
EndProject
Project("{FAE04EC0-301F-11D3-BF4B-00C04F79EFBC}") = "NoteSHR.Android", "src\NoteSHR.Android\NoteSHR.Android.csproj", "{6E2447C6-A214-4A56-9D9D-00A2B27C9959}"
EndProject
Project("{FAE04EC0-301F-11D3-BF4B-00C04F79EFBC}") = "NoteSHR.iOS", "src\NoteSHR.iOS\NoteSHR.iOS.csproj", "{C5B0D6B5-5DC7-4413-9173-739384CBCEF1}"
EndProject
Project("{FAE04EC0-301F-11D3-BF4B-00C04F79EFBC}") = "NoteSHR.Browser", "src\NoteSHR.Browser\NoteSHR.Browser.csproj", "{ECA82580-C816-4AAD-9215-108A398FAC7D}"
EndProject
Project("{FAE04EC0-301F-11D3-BF4B-00C04F79EFBC}") = "NoteSHR.Desktop", "src\NoteSHR.Desktop\NoteSHR.Desktop.csproj", "{F3524E87-2A2E-4F4D-A04D-981D8EC1E738}"
EndProject
Project("{9A19103F-16F7-4668-BE54-9A1E7A4F7556}") = "_build", "build\_build.csproj", "{489D5726-02F2-4592-94EB-51B7DCFDEFA8}"
EndProject
Project("{FAE04EC0-301F-11D3-BF4B-00C04F79EFBC}") = "NoteSHR.Core", "src\NoteSHR.Core\NoteSHR.Core.csproj", "{8AD5EE4F-B5EC-46C4-B388-EF1B7FBF222D}"
EndProject
Global
	GlobalSection(SolutionConfigurationPlatforms) = preSolution
		Debug|Any CPU = Debug|Any CPU
		Release|Any CPU = Release|Any CPU
	EndGlobalSection
	GlobalSection(ProjectConfigurationPlatforms) = postSolution
		{489D5726-02F2-4592-94EB-51B7DCFDEFA8}.Debug|Any CPU.ActiveCfg = Debug|Any CPU
		{489D5726-02F2-4592-94EB-51B7DCFDEFA8}.Release|Any CPU.ActiveCfg = Release|Any CPU
		{489D5726-02F2-4592-94EB-51B7DCFDEFA8}.Debug|Any CPU.Build.0 = Debug|Any CPU
		{9572C364-649F-4117-9B18-5D29AA64E7E9}.Debug|Any CPU.ActiveCfg = Debug|Any CPU
		{9572C364-649F-4117-9B18-5D29AA64E7E9}.Debug|Any CPU.Build.0 = Debug|Any CPU
		{9572C364-649F-4117-9B18-5D29AA64E7E9}.Release|Any CPU.ActiveCfg = Release|Any CPU
		{9572C364-649F-4117-9B18-5D29AA64E7E9}.Release|Any CPU.Build.0 = Release|Any CPU
		{6E2447C6-A214-4A56-9D9D-00A2B27C9959}.Debug|Any CPU.ActiveCfg = Debug|Any CPU
		{6E2447C6-A214-4A56-9D9D-00A2B27C9959}.Debug|Any CPU.Build.0 = Debug|Any CPU
		{6E2447C6-A214-4A56-9D9D-00A2B27C9959}.Release|Any CPU.ActiveCfg = Release|Any CPU
		{6E2447C6-A214-4A56-9D9D-00A2B27C9959}.Release|Any CPU.Build.0 = Release|Any CPU
		{C5B0D6B5-5DC7-4413-9173-739384CBCEF1}.Debug|Any CPU.ActiveCfg = Debug|Any CPU
		{C5B0D6B5-5DC7-4413-9173-739384CBCEF1}.Debug|Any CPU.Build.0 = Debug|Any CPU
		{C5B0D6B5-5DC7-4413-9173-739384CBCEF1}.Release|Any CPU.ActiveCfg = Release|Any CPU
		{C5B0D6B5-5DC7-4413-9173-739384CBCEF1}.Release|Any CPU.Build.0 = Release|Any CPU
		{ECA82580-C816-4AAD-9215-108A398FAC7D}.Debug|Any CPU.ActiveCfg = Debug|Any CPU
		{ECA82580-C816-4AAD-9215-108A398FAC7D}.Debug|Any CPU.Build.0 = Debug|Any CPU
		{ECA82580-C816-4AAD-9215-108A398FAC7D}.Release|Any CPU.ActiveCfg = Release|Any CPU
		{ECA82580-C816-4AAD-9215-108A398FAC7D}.Release|Any CPU.Build.0 = Release|Any CPU
		{F3524E87-2A2E-4F4D-A04D-981D8EC1E738}.Debug|Any CPU.ActiveCfg = Debug|Any CPU
		{F3524E87-2A2E-4F4D-A04D-981D8EC1E738}.Debug|Any CPU.Build.0 = Debug|Any CPU
		{F3524E87-2A2E-4F4D-A04D-981D8EC1E738}.Release|Any CPU.ActiveCfg = Release|Any CPU
		{F3524E87-2A2E-4F4D-A04D-981D8EC1E738}.Release|Any CPU.Build.0 = Release|Any CPU
		{8AD5EE4F-B5EC-46C4-B388-EF1B7FBF222D}.Debug|Any CPU.ActiveCfg = Debug|Any CPU
		{8AD5EE4F-B5EC-46C4-B388-EF1B7FBF222D}.Debug|Any CPU.Build.0 = Debug|Any CPU
		{8AD5EE4F-B5EC-46C4-B388-EF1B7FBF222D}.Release|Any CPU.ActiveCfg = Release|Any CPU
		{8AD5EE4F-B5EC-46C4-B388-EF1B7FBF222D}.Release|Any CPU.Build.0 = Release|Any CPU
	EndGlobalSection
	GlobalSection(SolutionProperties) = preSolution
		HideSolutionNode = FALSE
	EndGlobalSection
	GlobalSection(ExtensibilityGlobals) = postSolution
		SolutionGuid = {83CB65B8-011F-4ED7-BCD3-A6CFA935EF7E}
	EndGlobalSection
	GlobalSection(NestedProjects) = preSolution
		{9572C364-649F-4117-9B18-5D29AA64E7E9} = {8C881EA9-716A-463C-A37B-4838C0D28418}
		{6E2447C6-A214-4A56-9D9D-00A2B27C9959} = {8C881EA9-716A-463C-A37B-4838C0D28418}
		{C5B0D6B5-5DC7-4413-9173-739384CBCEF1} = {8C881EA9-716A-463C-A37B-4838C0D28418}
		{ECA82580-C816-4AAD-9215-108A398FAC7D} = {8C881EA9-716A-463C-A37B-4838C0D28418}
		{F3524E87-2A2E-4F4D-A04D-981D8EC1E738} = {8C881EA9-716A-463C-A37B-4838C0D28418}
		{8AD5EE4F-B5EC-46C4-B388-EF1B7FBF222D} = {8C881EA9-716A-463C-A37B-4838C0D28418}
	EndGlobalSection
EndGlobal
